
Microsoft Visual Studio Solution File, Format Version 12.00
# Visual Studio Version 17
VisualStudioVersion = 17.14.36414.22
MinimumVisualStudioVersion = 10.0.40219.1
Project("{FAE04EC0-301F-11D3-BF4B-00C04F79EFBC}") = "MasterServer", "master-server\MasterServer.csproj", "{F3EB14A3-DCBC-28F5-2F37-69B6C364CD53}"
EndProject
Project("{FAE04EC0-301F-11D3-BF4B-00C04F79EFBC}") = "WorldServer", "world-server\WorldServer.csproj", "{1A360984-D3E7-91A0-32A7-9C3315FA0E01}"
EndProject
Project("{8BC9CEB8-8B4A-11D0-8D11-00A0C91BC942}") = "FOMNetwork", "fom-network\FOMNetwork.vcxproj", "{302F700C-184A-F712-82ED-F406D0FC1381}"
EndProject
Project("{FAE04EC0-301F-11D3-BF4B-00C04F79EFBC}") = "ServerTests", "server-tests\ServerTests.csproj", "{C1962643-B55E-253F-7AD6-08846BCB9B86}"
EndProject
Project("{FAE04EC0-301F-11D3-BF4B-00C04F79EFBC}") = "ServerShared", "server-shared\ServerShared.csproj", "{B412049E-4E04-A9E4-0D87-8F026C94144A}"
EndProject
Global
	GlobalSection(SolutionConfigurationPlatforms) = preSolution
		Debug|Any CPU = Debug|Any CPU
		Debug|x64 = Debug|x64
		Debug|x86 = Debug|x86
		Release|Any CPU = Release|Any CPU
		Release|x64 = Release|x64
		Release|x86 = Release|x86
	EndGlobalSection
	GlobalSection(ProjectConfigurationPlatforms) = postSolution
		{F3EB14A3-DCBC-28F5-2F37-69B6C364CD53}.Debug|Any CPU.ActiveCfg = Debug|Any CPU
		{F3EB14A3-DCBC-28F5-2F37-69B6C364CD53}.Debug|Any CPU.Build.0 = Debug|Any CPU
		{F3EB14A3-DCBC-28F5-2F37-69B6C364CD53}.Debug|x64.ActiveCfg = Debug|Any CPU
		{F3EB14A3-DCBC-28F5-2F37-69B6C364CD53}.Debug|x64.Build.0 = Debug|Any CPU
		{F3EB14A3-DCBC-28F5-2F37-69B6C364CD53}.Debug|x86.ActiveCfg = Debug|Any CPU
		{F3EB14A3-DCBC-28F5-2F37-69B6C364CD53}.Debug|x86.Build.0 = Debug|Any CPU
		{F3EB14A3-DCBC-28F5-2F37-69B6C364CD53}.Release|Any CPU.ActiveCfg = Release|Any CPU
		{F3EB14A3-DCBC-28F5-2F37-69B6C364CD53}.Release|Any CPU.Build.0 = Release|Any CPU
		{F3EB14A3-DCBC-28F5-2F37-69B6C364CD53}.Release|x64.ActiveCfg = Release|Any CPU
		{F3EB14A3-DCBC-28F5-2F37-69B6C364CD53}.Release|x64.Build.0 = Release|Any CPU
		{F3EB14A3-DCBC-28F5-2F37-69B6C364CD53}.Release|x86.ActiveCfg = Release|Any CPU
		{F3EB14A3-DCBC-28F5-2F37-69B6C364CD53}.Release|x86.Build.0 = Release|Any CPU
		{1A360984-D3E7-91A0-32A7-9C3315FA0E01}.Debug|Any CPU.ActiveCfg = Debug|Any CPU
		{1A360984-D3E7-91A0-32A7-9C3315FA0E01}.Debug|Any CPU.Build.0 = Debug|Any CPU
		{1A360984-D3E7-91A0-32A7-9C3315FA0E01}.Debug|x64.ActiveCfg = Debug|Any CPU
		{1A360984-D3E7-91A0-32A7-9C3315FA0E01}.Debug|x64.Build.0 = Debug|Any CPU
		{1A360984-D3E7-91A0-32A7-9C3315FA0E01}.Debug|x86.ActiveCfg = Debug|Any CPU
		{1A360984-D3E7-91A0-32A7-9C3315FA0E01}.Debug|x86.Build.0 = Debug|Any CPU
		{1A360984-D3E7-91A0-32A7-9C3315FA0E01}.Release|Any CPU.ActiveCfg = Release|Any CPU
		{1A360984-D3E7-91A0-32A7-9C3315FA0E01}.Release|Any CPU.Build.0 = Release|Any CPU
		{1A360984-D3E7-91A0-32A7-9C3315FA0E01}.Release|x64.ActiveCfg = Release|Any CPU
		{1A360984-D3E7-91A0-32A7-9C3315FA0E01}.Release|x64.Build.0 = Release|Any CPU
		{1A360984-D3E7-91A0-32A7-9C3315FA0E01}.Release|x86.ActiveCfg = Release|Any CPU
		{1A360984-D3E7-91A0-32A7-9C3315FA0E01}.Release|x86.Build.0 = Release|Any CPU
		{302F700C-184A-F712-82ED-F406D0FC1381}.Debug|Any CPU.ActiveCfg = Debug|x64
		{302F700C-184A-F712-82ED-F406D0FC1381}.Debug|Any CPU.Build.0 = Debug|x64
		{302F700C-184A-F712-82ED-F406D0FC1381}.Debug|x64.ActiveCfg = Debug|x64
		{302F700C-184A-F712-82ED-F406D0FC1381}.Debug|x64.Build.0 = Debug|x64
		{302F700C-184A-F712-82ED-F406D0FC1381}.Debug|x86.ActiveCfg = Debug|Win32
		{302F700C-184A-F712-82ED-F406D0FC1381}.Debug|x86.Build.0 = Debug|Win32
		{302F700C-184A-F712-82ED-F406D0FC1381}.Release|Any CPU.ActiveCfg = Release|x64
		{302F700C-184A-F712-82ED-F406D0FC1381}.Release|Any CPU.Build.0 = Release|x64
		{302F700C-184A-F712-82ED-F406D0FC1381}.Release|x64.ActiveCfg = Release|x64
		{302F700C-184A-F712-82ED-F406D0FC1381}.Release|x64.Build.0 = Release|x64
		{302F700C-184A-F712-82ED-F406D0FC1381}.Release|x86.ActiveCfg = Release|Win32
		{302F700C-184A-F712-82ED-F406D0FC1381}.Release|x86.Build.0 = Release|Win32
		{C1962643-B55E-253F-7AD6-08846BCB9B86}.Debug|Any CPU.ActiveCfg = Debug|Any CPU
		{C1962643-B55E-253F-7AD6-08846BCB9B86}.Debug|Any CPU.Build.0 = Debug|Any CPU
		{C1962643-B55E-253F-7AD6-08846BCB9B86}.Debug|x64.ActiveCfg = Debug|Any CPU
		{C1962643-B55E-253F-7AD6-08846BCB9B86}.Debug|x64.Build.0 = Debug|Any CPU
		{C1962643-B55E-253F-7AD6-08846BCB9B86}.Debug|x86.ActiveCfg = Debug|Any CPU
		{C1962643-B55E-253F-7AD6-08846BCB9B86}.Debug|x86.Build.0 = Debug|Any CPU
		{C1962643-B55E-253F-7AD6-08846BCB9B86}.Release|Any CPU.ActiveCfg = Release|Any CPU
		{C1962643-B55E-253F-7AD6-08846BCB9B86}.Release|Any CPU.Build.0 = Release|Any CPU
		{C1962643-B55E-253F-7AD6-08846BCB9B86}.Release|x64.ActiveCfg = Release|Any CPU
		{C1962643-B55E-253F-7AD6-08846BCB9B86}.Release|x64.Build.0 = Release|Any CPU
		{C1962643-B55E-253F-7AD6-08846BCB9B86}.Release|x86.ActiveCfg = Release|Any CPU
		{C1962643-B55E-253F-7AD6-08846BCB9B86}.Release|x86.Build.0 = Release|Any CPU
		{B412049E-4E04-A9E4-0D87-8F026C94144A}.Debug|Any CPU.ActiveCfg = Debug|Any CPU
		{B412049E-4E04-A9E4-0D87-8F026C94144A}.Debug|Any CPU.Build.0 = Debug|Any CPU
		{B412049E-4E04-A9E4-0D87-8F026C94144A}.Debug|x64.ActiveCfg = Debug|Any CPU
		{B412049E-4E04-A9E4-0D87-8F026C94144A}.Debug|x64.Build.0 = Debug|Any CPU
		{B412049E-4E04-A9E4-0D87-8F026C94144A}.Debug|x86.ActiveCfg = Debug|Any CPU
		{B412049E-4E04-A9E4-0D87-8F026C94144A}.Debug|x86.Build.0 = Debug|Any CPU
		{B412049E-4E04-A9E4-0D87-8F026C94144A}.Release|Any CPU.ActiveCfg = Release|Any CPU
		{B412049E-4E04-A9E4-0D87-8F026C94144A}.Release|Any CPU.Build.0 = Release|Any CPU
		{B412049E-4E04-A9E4-0D87-8F026C94144A}.Release|x64.ActiveCfg = Release|Any CPU
		{B412049E-4E04-A9E4-0D87-8F026C94144A}.Release|x64.Build.0 = Release|Any CPU
		{B412049E-4E04-A9E4-0D87-8F026C94144A}.Release|x86.ActiveCfg = Release|Any CPU
		{B412049E-4E04-A9E4-0D87-8F026C94144A}.Release|x86.Build.0 = Release|Any CPU
	EndGlobalSection
	GlobalSection(SolutionProperties) = preSolution
		HideSolutionNode = FALSE
	EndGlobalSection
	GlobalSection(ExtensibilityGlobals) = postSolution
		SolutionGuid = {7B1500C4-E2D3-4875-B624-F1582661473B}
	EndGlobalSection
EndGlobal
